# AUTO-GENERATED FILE - DO NOT EDIT MANUALLY
# Generated by CI/CD during runtime build
# This file captures the EXACT versions installed during build
#
# Runtime: graalvmjdk-21
# Generated: 2025-10-20 23:51:37 UTC
# Build Platform: Linux x86_64

metadata:
  runtime: graalvmjdk-21
  generated: 2025-10-20T23:51:37Z
  build_platform: Linux-x86_64

# Java runtime version
java:
  version: "17.0.16"
  vendor: 

# System information
system:
  os: Linux
  arch: x86_64
  kernel: 6.11.0-1018-azure

# Build verification
build:
  verified: true
  reproducible: true
